{
  "name": "bafoleco.github.io",
  "version": "1.0.0",
  "lockfileVersion": 1,
  "requires": true,
  "dependencies": {
    "@types/geojson": {
      "version": "1.0.5",
      "resolved": "https://registry.npmjs.org/@types/geojson/-/geojson-1.0.5.tgz",
      "integrity": "sha512-Vv/xcob92T/Vncg/AvPMYS0R2a+PYBnnTGNb7bE8jyqEXqq08Tp1frhx6+ExKCImyQq6iLfqjeXt/Wtsh8Sjgw=="
    },
    "terraformer": {
      "version": "1.0.8",
      "resolved": "https://registry.npmjs.org/terraformer/-/terraformer-1.0.8.tgz",
      "integrity": "sha1-UeCtiXRvzyFh3G9lqnDkI3fItZM=",
      "requires": {
        "@types/geojson": "1.0.5"
      }
    }
  }
}
